<?xml version="1.0" encoding="utf-8"?>
<Project ToolsVersion="4.0" xmlns="http://schemas.microsoft.com/developer/msbuild/2003">
  <ItemGroup>
    <Filter Include="Source Files">
      <UniqueIdentifier>{4FC737F1-C7A5-4376-A066-2A32D752A2FF}</UniqueIdentifier>
      <Extensions>cpp;c;cc;cxx;def;odl;idl;hpj;bat;asm;asmx</Extensions>
    </Filter>
    <Filter Include="Header Files">
      <UniqueIdentifier>{93995380-89BD-4b04-88EB-625FBE52EBFB}</UniqueIdentifier>
      <Extensions>h;hh;hpp;hxx;hm;inl;inc;ipp;xsd</Extensions>
    </Filter>
    <Filter Include="Header Files\Items">
      <UniqueIdentifier>{21ee5be5-bf0b-4189-92e8-80e94c01793a}</UniqueIdentifier>
    </Filter>
    <Filter Include="Source Files\Items">
      <UniqueIdentifier>{d7790c2a-bf79-4b40-9877-03479023d51f}</UniqueIdentifier>
    </Filter>
    <Filter Include="Source Files\Tests">
      <UniqueIdentifier>{08ec2396-1635-45e4-bba2-0256c892c840}</UniqueIdentifier>
    </Filter>
  </ItemGroup>
  <ItemGroup>
    <ClCompile Include="src\stdafx.cpp">
      <Filter>Source Files</Filter>
    </ClCompile>
    <ClCompile Include="src\Items\AmmoClip.cpp">
      <Filter>Source Files\Items</Filter>
    </ClCompile>
    <ClCompile Include="src\Items\Gun.cpp">
      <Filter>Source Files\Items</Filter>
    </ClCompile>
    <ClCompile Include="src\Items\FlashLight.cpp">
      <Filter>Source Files\Items</Filter>
    </ClCompile>
    <ClCompile Include="src\Items\Hat.cpp">
      <Filter>Source Files\Items</Filter>
    </ClCompile>
    <ClCompile Include="src\Items\Item.cpp">
      <Filter>Source Files\Items</Filter>
    </ClCompile>
    <ClCompile Include="src\Items\ItemSlot.cpp">
      <Filter>Source Files\Items</Filter>
    </ClCompile>
    <ClCompile Include="src\Items\Rock.cpp">
      <Filter>Source Files\Items</Filter>
    </ClCompile>
    <ClCompile Include="src\Tests\EquipmentSystem.cpp">
      <Filter>Source Files\Tests</Filter>
    </ClCompile>
    <ClCompile Include="src\EquipmentExceptions.cpp">
      <Filter>Source Files</Filter>
    </ClCompile>
    <ClCompile Include="src\Player.cpp">
      <Filter>Source Files</Filter>
    </ClCompile>
    <ClCompile Include="src\commandparser.cpp">
      <Filter>Source Files</Filter>
    </ClCompile>
    <ClCompile Include="src\items\shootable.cpp">
      <Filter>Source Files\Items</Filter>
    </ClCompile>
    <ClCompile Include="src\items\toggle.cpp">
      <Filter>Source Files\Items</Filter>
    </ClCompile>
  </ItemGroup>
  <ItemGroup>
    <ClInclude Include="Include\Items\Gun.h">
      <Filter>Header Files\Items</Filter>
    </ClInclude>
    <ClInclude Include="Include\Items\Hat.h">
      <Filter>Header Files\Items</Filter>
    </ClInclude>
    <ClInclude Include="Include\Items\Item.h">
      <Filter>Header Files\Items</Filter>
    </ClInclude>
    <ClInclude Include="Include\Items\ItemSlot.h">
      <Filter>Header Files\Items</Filter>
    </ClInclude>
    <ClInclude Include="Include\Items\Rock.h">
      <Filter>Header Files\Items</Filter>
    </ClInclude>
    <ClInclude Include="Include\EquipmentExceptions.h">
      <Filter>Header Files</Filter>
    </ClInclude>
    <ClInclude Include="Include\Player.h">
      <Filter>Header Files</Filter>
    </ClInclude>
    <ClInclude Include="Include\stdafx.h">
      <Filter>Header Files</Filter>
    </ClInclude>
    <ClInclude Include="Include\Items\ammoclip.h">
      <Filter>Header Files\Items</Filter>
    </ClInclude>
    <ClInclude Include="Include\Items\flashlight.h">
      <Filter>Header Files\Items</Filter>
    </ClInclude>
    <ClInclude Include="include\commandparser.h">
      <Filter>Header Files</Filter>
    </ClInclude>
    <ClInclude Include="include\items\toggle.h">
      <Filter>Header Files\Items</Filter>
    </ClInclude>
    <ClInclude Include="include\items\shootable.h">
      <Filter>Header Files\Items</Filter>
    </ClInclude>
  </ItemGroup>
</Project>